// !$*UTF8*$!
{
	archiveVersion = 1;
	classes = {
	};
	objectVersion = 56;
	objects = {

/* Begin PBXBuildFile section */
		C937163329B9F05300A181C3 /* FilteredNode.swift in Sources */ = {isa = PBXBuildFile; fileRef = C937162C29B9F05300A181C3 /* FilteredNode.swift */; };
		C937163729B9F05300A181C3 /* NodeListBuilder.swift in Sources */ = {isa = PBXBuildFile; fileRef = C937163129B9F05300A181C3 /* NodeListBuilder.swift */; };
		C937163829B9F05300A181C3 /* Node.swift in Sources */ = {isa = PBXBuildFile; fileRef = C937163229B9F05300A181C3 /* Node.swift */; };
		C937163F29B9F85100A181C3 /* NodeLabel.swift in Sources */ = {isa = PBXBuildFile; fileRef = C937163D29B9F85100A181C3 /* NodeLabel.swift */; };
		C937164029B9F85100A181C3 /* FilteredNodeView.swift in Sources */ = {isa = PBXBuildFile; fileRef = C937163E29B9F85100A181C3 /* FilteredNodeView.swift */; };
		C96FDAE929A624E50027DFE1 /* TypeSupportApp.swift in Sources */ = {isa = PBXBuildFile; fileRef = C96FDAE829A624E50027DFE1 /* TypeSupportApp.swift */; };
		C96FDAEB29A624E50027DFE1 /* ContentView.swift in Sources */ = {isa = PBXBuildFile; fileRef = C96FDAEA29A624E50027DFE1 /* ContentView.swift */; };
		C96FDAED29A624E60027DFE1 /* Assets.xcassets in Resources */ = {isa = PBXBuildFile; fileRef = C96FDAEC29A624E60027DFE1 /* Assets.xcassets */; };
		C96FDAF129A624E60027DFE1 /* Preview Assets.xcassets in Resources */ = {isa = PBXBuildFile; fileRef = C96FDAF029A624E60027DFE1 /* Preview Assets.xcassets */; };
		C96FDAFC29A62E3E0027DFE1 /* IdentifiableType.swift in Sources */ = {isa = PBXBuildFile; fileRef = C96FDAFB29A62E3E0027DFE1 /* IdentifiableType.swift */; };
		C96FDAFE29A62E610027DFE1 /* AnyIdentifiable.swift in Sources */ = {isa = PBXBuildFile; fileRef = C96FDAFD29A62E600027DFE1 /* AnyIdentifiable.swift */; };
		C96FDB0029A62EC50027DFE1 /* Identified.swift in Sources */ = {isa = PBXBuildFile; fileRef = C96FDAFF29A62EC50027DFE1 /* Identified.swift */; };
		C96FDB0729A630760027DFE1 /* Int+ID.swift in Sources */ = {isa = PBXBuildFile; fileRef = C96FDB0629A630760027DFE1 /* Int+ID.swift */; };
		C96FDB0929A6309A0027DFE1 /* Double+ID.swift in Sources */ = {isa = PBXBuildFile; fileRef = C96FDB0829A6309A0027DFE1 /* Double+ID.swift */; };
		C96FDB0B29A630BF0027DFE1 /* String+ID.swift in Sources */ = {isa = PBXBuildFile; fileRef = C96FDB0A29A630BF0027DFE1 /* String+ID.swift */; };
		C96FDB0E29A631490027DFE1 /* ExampleModel.swift in Sources */ = {isa = PBXBuildFile; fileRef = C96FDB0D29A631490027DFE1 /* ExampleModel.swift */; };
		C96FDB1029A6319B0027DFE1 /* UnknownType.swift in Sources */ = {isa = PBXBuildFile; fileRef = C96FDB0F29A6319B0027DFE1 /* UnknownType.swift */; };
		C96FDB1229A634920027DFE1 /* DemoView.swift in Sources */ = {isa = PBXBuildFile; fileRef = C96FDB1129A634920027DFE1 /* DemoView.swift */; };
		C96FDB1429A639090027DFE1 /* Date+ID.swift in Sources */ = {isa = PBXBuildFile; fileRef = C96FDB1329A639090027DFE1 /* Date+ID.swift */; };
		C96FDB1729A639D70027DFE1 /* ViewableType.swift in Sources */ = {isa = PBXBuildFile; fileRef = C96FDB1629A639D70027DFE1 /* ViewableType.swift */; };
		C96FDB1C29A63AAB0027DFE1 /* UnknownType+View.swift in Sources */ = {isa = PBXBuildFile; fileRef = C96FDB1B29A63AAB0027DFE1 /* UnknownType+View.swift */; };
		C96FDB2029A642060027DFE1 /* Int+View.swift in Sources */ = {isa = PBXBuildFile; fileRef = C96FDB1F29A642060027DFE1 /* Int+View.swift */; };
		C96FDB2229A642A00027DFE1 /* String+View.swift in Sources */ = {isa = PBXBuildFile; fileRef = C96FDB2129A642A00027DFE1 /* String+View.swift */; };
		C96FDB2429A643440027DFE1 /* ExampleModel+View.swift in Sources */ = {isa = PBXBuildFile; fileRef = C96FDB2329A643440027DFE1 /* ExampleModel+View.swift */; };
		C96FDB2A29A657300027DFE1 /* IdentityTraits.swift in Sources */ = {isa = PBXBuildFile; fileRef = C96FDB2929A657300027DFE1 /* IdentityTraits.swift */; };
		C9E708E629BCC5D700444450 /* PropertyView.swift in Sources */ = {isa = PBXBuildFile; fileRef = C9E708E529BCC5D700444450 /* PropertyView.swift */; };
		C9E708E829BCCC6100444450 /* TitledContent.swift in Sources */ = {isa = PBXBuildFile; fileRef = C9E708E729BCCC6100444450 /* TitledContent.swift */; };
		C9E708EA29BCCE6E00444450 /* AnyViewable.swift in Sources */ = {isa = PBXBuildFile; fileRef = C9E708E929BCCE6E00444450 /* AnyViewable.swift */; };
		C9EFDD1C29BB7D140006537F /* Identified+Node.swift in Sources */ = {isa = PBXBuildFile; fileRef = C9EFDD1B29BB7D140006537F /* Identified+Node.swift */; };
		C9EFDD2029BB8C9D0006537F /* AnyIdentifiable+View.swift in Sources */ = {isa = PBXBuildFile; fileRef = C9EFDD1F29BB8C9D0006537F /* AnyIdentifiable+View.swift */; };
/* End PBXBuildFile section */

/* Begin PBXFileReference section */
		C937162C29B9F05300A181C3 /* FilteredNode.swift */ = {isa = PBXFileReference; fileEncoding = 4; lastKnownFileType = sourcecode.swift; path = FilteredNode.swift; sourceTree = "<group>"; };
		C937163129B9F05300A181C3 /* NodeListBuilder.swift */ = {isa = PBXFileReference; fileEncoding = 4; lastKnownFileType = sourcecode.swift; path = NodeListBuilder.swift; sourceTree = "<group>"; };
		C937163229B9F05300A181C3 /* Node.swift */ = {isa = PBXFileReference; fileEncoding = 4; lastKnownFileType = sourcecode.swift; path = Node.swift; sourceTree = "<group>"; };
		C937163D29B9F85100A181C3 /* NodeLabel.swift */ = {isa = PBXFileReference; fileEncoding = 4; lastKnownFileType = sourcecode.swift; path = NodeLabel.swift; sourceTree = "<group>"; };
		C937163E29B9F85100A181C3 /* FilteredNodeView.swift */ = {isa = PBXFileReference; fileEncoding = 4; lastKnownFileType = sourcecode.swift; path = FilteredNodeView.swift; sourceTree = "<group>"; };
		C96FDAE529A624E50027DFE1 /* TypeSupport.app */ = {isa = PBXFileReference; explicitFileType = wrapper.application; includeInIndex = 0; path = TypeSupport.app; sourceTree = BUILT_PRODUCTS_DIR; };
		C96FDAE829A624E50027DFE1 /* TypeSupportApp.swift */ = {isa = PBXFileReference; lastKnownFileType = sourcecode.swift; path = TypeSupportApp.swift; sourceTree = "<group>"; };
		C96FDAEA29A624E50027DFE1 /* ContentView.swift */ = {isa = PBXFileReference; lastKnownFileType = sourcecode.swift; path = ContentView.swift; sourceTree = "<group>"; };
		C96FDAEC29A624E60027DFE1 /* Assets.xcassets */ = {isa = PBXFileReference; lastKnownFileType = folder.assetcatalog; path = Assets.xcassets; sourceTree = "<group>"; };
		C96FDAEE29A624E60027DFE1 /* TypeSupport.entitlements */ = {isa = PBXFileReference; lastKnownFileType = text.plist.entitlements; path = TypeSupport.entitlements; sourceTree = "<group>"; };
		C96FDAF029A624E60027DFE1 /* Preview Assets.xcassets */ = {isa = PBXFileReference; lastKnownFileType = folder.assetcatalog; path = "Preview Assets.xcassets"; sourceTree = "<group>"; };
		C96FDAF929A6283D0027DFE1 /* README.md */ = {isa = PBXFileReference; lastKnownFileType = net.daringfireball.markdown; path = README.md; sourceTree = SOURCE_ROOT; };
		C96FDAFB29A62E3E0027DFE1 /* IdentifiableType.swift */ = {isa = PBXFileReference; lastKnownFileType = sourcecode.swift; path = IdentifiableType.swift; sourceTree = "<group>"; };
		C96FDAFD29A62E600027DFE1 /* AnyIdentifiable.swift */ = {isa = PBXFileReference; lastKnownFileType = sourcecode.swift; path = AnyIdentifiable.swift; sourceTree = "<group>"; };
		C96FDAFF29A62EC50027DFE1 /* Identified.swift */ = {isa = PBXFileReference; lastKnownFileType = sourcecode.swift; path = Identified.swift; sourceTree = "<group>"; };
		C96FDB0629A630760027DFE1 /* Int+ID.swift */ = {isa = PBXFileReference; lastKnownFileType = sourcecode.swift; path = "Int+ID.swift"; sourceTree = "<group>"; };
		C96FDB0829A6309A0027DFE1 /* Double+ID.swift */ = {isa = PBXFileReference; lastKnownFileType = sourcecode.swift; path = "Double+ID.swift"; sourceTree = "<group>"; };
		C96FDB0A29A630BF0027DFE1 /* String+ID.swift */ = {isa = PBXFileReference; lastKnownFileType = sourcecode.swift; path = "String+ID.swift"; sourceTree = "<group>"; };
		C96FDB0D29A631490027DFE1 /* ExampleModel.swift */ = {isa = PBXFileReference; lastKnownFileType = sourcecode.swift; path = ExampleModel.swift; sourceTree = "<group>"; };
		C96FDB0F29A6319B0027DFE1 /* UnknownType.swift */ = {isa = PBXFileReference; lastKnownFileType = sourcecode.swift; path = UnknownType.swift; sourceTree = "<group>"; };
		C96FDB1129A634920027DFE1 /* DemoView.swift */ = {isa = PBXFileReference; lastKnownFileType = sourcecode.swift; path = DemoView.swift; sourceTree = "<group>"; };
		C96FDB1329A639090027DFE1 /* Date+ID.swift */ = {isa = PBXFileReference; lastKnownFileType = sourcecode.swift; path = "Date+ID.swift"; sourceTree = "<group>"; };
		C96FDB1629A639D70027DFE1 /* ViewableType.swift */ = {isa = PBXFileReference; lastKnownFileType = sourcecode.swift; path = ViewableType.swift; sourceTree = "<group>"; };
		C96FDB1B29A63AAB0027DFE1 /* UnknownType+View.swift */ = {isa = PBXFileReference; lastKnownFileType = sourcecode.swift; path = "UnknownType+View.swift"; sourceTree = "<group>"; };
		C96FDB1F29A642060027DFE1 /* Int+View.swift */ = {isa = PBXFileReference; lastKnownFileType = sourcecode.swift; path = "Int+View.swift"; sourceTree = "<group>"; };
		C96FDB2129A642A00027DFE1 /* String+View.swift */ = {isa = PBXFileReference; lastKnownFileType = sourcecode.swift; path = "String+View.swift"; sourceTree = "<group>"; };
		C96FDB2329A643440027DFE1 /* ExampleModel+View.swift */ = {isa = PBXFileReference; lastKnownFileType = sourcecode.swift; path = "ExampleModel+View.swift"; sourceTree = "<group>"; };
		C96FDB2929A657300027DFE1 /* IdentityTraits.swift */ = {isa = PBXFileReference; lastKnownFileType = sourcecode.swift; path = IdentityTraits.swift; sourceTree = "<group>"; };
		C9E708E529BCC5D700444450 /* PropertyView.swift */ = {isa = PBXFileReference; lastKnownFileType = sourcecode.swift; path = PropertyView.swift; sourceTree = "<group>"; };
		C9E708E729BCCC6100444450 /* TitledContent.swift */ = {isa = PBXFileReference; lastKnownFileType = sourcecode.swift; path = TitledContent.swift; sourceTree = "<group>"; };
		C9E708E929BCCE6E00444450 /* AnyViewable.swift */ = {isa = PBXFileReference; lastKnownFileType = sourcecode.swift; path = AnyViewable.swift; sourceTree = "<group>"; };
		C9EFDD1B29BB7D140006537F /* Identified+Node.swift */ = {isa = PBXFileReference; lastKnownFileType = sourcecode.swift; path = "Identified+Node.swift"; sourceTree = "<group>"; };
		C9EFDD1F29BB8C9D0006537F /* AnyIdentifiable+View.swift */ = {isa = PBXFileReference; lastKnownFileType = sourcecode.swift; path = "AnyIdentifiable+View.swift"; sourceTree = "<group>"; };
/* End PBXFileReference section */

/* Begin PBXFrameworksBuildPhase section */
		C96FDAE229A624E50027DFE1 /* Frameworks */ = {
			isa = PBXFrameworksBuildPhase;
			buildActionMask = 2147483647;
			files = (
			);
			runOnlyForDeploymentPostprocessing = 0;
		};
/* End PBXFrameworksBuildPhase section */

/* Begin PBXGroup section */
		C937162B29B9F05300A181C3 /* Node */ = {
			isa = PBXGroup;
			children = (
				C937163929B9F51E00A181C3 /* Conforming */,
				C937163C29B9F85100A181C3 /* Views */,
				C937162C29B9F05300A181C3 /* FilteredNode.swift */,
				C937163129B9F05300A181C3 /* NodeListBuilder.swift */,
				C937163229B9F05300A181C3 /* Node.swift */,
			);
			path = Node;
			sourceTree = "<group>";
		};
		C937163929B9F51E00A181C3 /* Conforming */ = {
			isa = PBXGroup;
			children = (
				C9EFDD1B29BB7D140006537F /* Identified+Node.swift */,
			);
			path = Conforming;
			sourceTree = "<group>";
		};
		C937163C29B9F85100A181C3 /* Views */ = {
			isa = PBXGroup;
			children = (
				C937163D29B9F85100A181C3 /* NodeLabel.swift */,
				C937163E29B9F85100A181C3 /* FilteredNodeView.swift */,
			);
			path = Views;
			sourceTree = "<group>";
		};
		C96FDADC29A624E50027DFE1 = {
			isa = PBXGroup;
			children = (
				C96FDAE729A624E50027DFE1 /* TypeSupport */,
				C96FDAE629A624E50027DFE1 /* Products */,
			);
			indentWidth = 4;
			sourceTree = "<group>";
			tabWidth = 4;
		};
		C96FDAE629A624E50027DFE1 /* Products */ = {
			isa = PBXGroup;
			children = (
				C96FDAE529A624E50027DFE1 /* TypeSupport.app */,
			);
			name = Products;
			sourceTree = "<group>";
		};
		C96FDAE729A624E50027DFE1 /* TypeSupport */ = {
			isa = PBXGroup;
			children = (
				C96FDAE829A624E50027DFE1 /* TypeSupportApp.swift */,
				C96FDAEA29A624E50027DFE1 /* ContentView.swift */,
				C96FDB1129A634920027DFE1 /* DemoView.swift */,
				C96FDAFA29A62DD80027DFE1 /* Identified */,
				C96FDB0C29A631370027DFE1 /* Model */,
				C937162B29B9F05300A181C3 /* Node */,
				C96FDB1529A639BD0027DFE1 /* Viewable */,
				C96FDAEC29A624E60027DFE1 /* Assets.xcassets */,
				C96FDAEE29A624E60027DFE1 /* TypeSupport.entitlements */,
				C96FDAF929A6283D0027DFE1 /* README.md */,
				C96FDAEF29A624E60027DFE1 /* Preview Content */,
			);
			path = TypeSupport;
			sourceTree = "<group>";
		};
		C96FDAEF29A624E60027DFE1 /* Preview Content */ = {
			isa = PBXGroup;
			children = (
				C96FDAF029A624E60027DFE1 /* Preview Assets.xcassets */,
			);
			path = "Preview Content";
			sourceTree = "<group>";
		};
		C96FDAFA29A62DD80027DFE1 /* Identified */ = {
			isa = PBXGroup;
			children = (
				C96FDB0529A630660027DFE1 /* Conforming */,
				C96FDAFD29A62E600027DFE1 /* AnyIdentifiable.swift */,
				C96FDAFB29A62E3E0027DFE1 /* IdentifiableType.swift */,
				C96FDAFF29A62EC50027DFE1 /* Identified.swift */,
				C96FDB2929A657300027DFE1 /* IdentityTraits.swift */,
				C96FDB0F29A6319B0027DFE1 /* UnknownType.swift */,
			);
			path = Identified;
			sourceTree = "<group>";
		};
		C96FDB0529A630660027DFE1 /* Conforming */ = {
			isa = PBXGroup;
			children = (
				C96FDB0629A630760027DFE1 /* Int+ID.swift */,
				C96FDB1329A639090027DFE1 /* Date+ID.swift */,
				C96FDB0829A6309A0027DFE1 /* Double+ID.swift */,
				C96FDB0A29A630BF0027DFE1 /* String+ID.swift */,
			);
			path = Conforming;
			sourceTree = "<group>";
		};
		C96FDB0C29A631370027DFE1 /* Model */ = {
			isa = PBXGroup;
			children = (
				C96FDB0D29A631490027DFE1 /* ExampleModel.swift */,
			);
			path = Model;
			sourceTree = "<group>";
		};
		C96FDB1529A639BD0027DFE1 /* Viewable */ = {
			isa = PBXGroup;
			children = (
				C96FDB1A29A63A8B0027DFE1 /* Conforming */,
				C9E708E929BCCE6E00444450 /* AnyViewable.swift */,
				C9E708E529BCC5D700444450 /* PropertyView.swift */,
				C9E708E729BCCC6100444450 /* TitledContent.swift */,
				C96FDB1629A639D70027DFE1 /* ViewableType.swift */,
			);
			path = Viewable;
			sourceTree = "<group>";
		};
		C96FDB1A29A63A8B0027DFE1 /* Conforming */ = {
			isa = PBXGroup;
			children = (
				C9EFDD1F29BB8C9D0006537F /* AnyIdentifiable+View.swift */,
				C96FDB2329A643440027DFE1 /* ExampleModel+View.swift */,
				C96FDB1F29A642060027DFE1 /* Int+View.swift */,
				C96FDB2129A642A00027DFE1 /* String+View.swift */,
				C96FDB1B29A63AAB0027DFE1 /* UnknownType+View.swift */,
			);
			path = Conforming;
			sourceTree = "<group>";
		};
/* End PBXGroup section */

/* Begin PBXNativeTarget section */
		C96FDAE429A624E50027DFE1 /* TypeSupport */ = {
			isa = PBXNativeTarget;
			buildConfigurationList = C96FDAF429A624E60027DFE1 /* Build configuration list for PBXNativeTarget "TypeSupport" */;
			buildPhases = (
				C96FDAE129A624E50027DFE1 /* Sources */,
				C96FDAE229A624E50027DFE1 /* Frameworks */,
				C96FDAE329A624E50027DFE1 /* Resources */,
			);
			buildRules = (
			);
			dependencies = (
			);
			name = TypeSupport;
			productName = TypeSupport;
			productReference = C96FDAE529A624E50027DFE1 /* TypeSupport.app */;
			productType = "com.apple.product-type.application";
		};
/* End PBXNativeTarget section */

/* Begin PBXProject section */
		C96FDADD29A624E50027DFE1 /* Project object */ = {
			isa = PBXProject;
			attributes = {
				BuildIndependentTargetsInParallel = 1;
				LastSwiftUpdateCheck = 1420;
				LastUpgradeCheck = 1420;
				TargetAttributes = {
					C96FDAE429A624E50027DFE1 = {
						CreatedOnToolsVersion = 14.2;
					};
				};
			};
			buildConfigurationList = C96FDAE029A624E50027DFE1 /* Build configuration list for PBXProject "TypeSupport" */;
			compatibilityVersion = "Xcode 14.0";
			developmentRegion = en;
			hasScannedForEncodings = 0;
			knownRegions = (
				en,
				Base,
			);
			mainGroup = C96FDADC29A624E50027DFE1;
			productRefGroup = C96FDAE629A624E50027DFE1 /* Products */;
			projectDirPath = "";
			projectRoot = "";
			targets = (
				C96FDAE429A624E50027DFE1 /* TypeSupport */,
			);
		};
/* End PBXProject section */

/* Begin PBXResourcesBuildPhase section */
		C96FDAE329A624E50027DFE1 /* Resources */ = {
			isa = PBXResourcesBuildPhase;
			buildActionMask = 2147483647;
			files = (
				C96FDAF129A624E60027DFE1 /* Preview Assets.xcassets in Resources */,
				C96FDAED29A624E60027DFE1 /* Assets.xcassets in Resources */,
			);
			runOnlyForDeploymentPostprocessing = 0;
		};
/* End PBXResourcesBuildPhase section */

/* Begin PBXSourcesBuildPhase section */
		C96FDAE129A624E50027DFE1 /* Sources */ = {
			isa = PBXSourcesBuildPhase;
			buildActionMask = 2147483647;
			files = (
				C96FDB2229A642A00027DFE1 /* String+View.swift in Sources */,
				C937163F29B9F85100A181C3 /* NodeLabel.swift in Sources */,
				C937163329B9F05300A181C3 /* FilteredNode.swift in Sources */,
				C9E708EA29BCCE6E00444450 /* AnyViewable.swift in Sources */,
				C96FDB1229A634920027DFE1 /* DemoView.swift in Sources */,
				C96FDB0B29A630BF0027DFE1 /* String+ID.swift in Sources */,
				C9EFDD2029BB8C9D0006537F /* AnyIdentifiable+View.swift in Sources */,
				C96FDAFC29A62E3E0027DFE1 /* IdentifiableType.swift in Sources */,
				C9EFDD1C29BB7D140006537F /* Identified+Node.swift in Sources */,
				C96FDB2429A643440027DFE1 /* ExampleModel+View.swift in Sources */,
				C96FDB1029A6319B0027DFE1 /* UnknownType.swift in Sources */,
				C96FDB2029A642060027DFE1 /* Int+View.swift in Sources */,
				C9E708E629BCC5D700444450 /* PropertyView.swift in Sources */,
				C96FDB0029A62EC50027DFE1 /* Identified.swift in Sources */,
				C937163729B9F05300A181C3 /* NodeListBuilder.swift in Sources */,
				C9E708E829BCCC6100444450 /* TitledContent.swift in Sources */,
				C96FDB0729A630760027DFE1 /* Int+ID.swift in Sources */,
				C96FDAEB29A624E50027DFE1 /* ContentView.swift in Sources */,
				C96FDB1C29A63AAB0027DFE1 /* UnknownType+View.swift in Sources */,
				C96FDB1729A639D70027DFE1 /* ViewableType.swift in Sources */,
				C937164029B9F85100A181C3 /* FilteredNodeView.swift in Sources */,
				C96FDB2A29A657300027DFE1 /* IdentityTraits.swift in Sources */,
				C96FDB1429A639090027DFE1 /* Date+ID.swift in Sources */,
				C96FDB0E29A631490027DFE1 /* ExampleModel.swift in Sources */,
				C937163829B9F05300A181C3 /* Node.swift in Sources */,
				C96FDB0929A6309A0027DFE1 /* Double+ID.swift in Sources */,
				C96FDAE929A624E50027DFE1 /* TypeSupportApp.swift in Sources */,
				C96FDAFE29A62E610027DFE1 /* AnyIdentifiable.swift in Sources */,
			);
			runOnlyForDeploymentPostprocessing = 0;
		};
/* End PBXSourcesBuildPhase section */

/* Begin XCBuildConfiguration section */
		C96FDAF229A624E60027DFE1 /* Debug */ = {
			isa = XCBuildConfiguration;
			buildSettings = {
				ALWAYS_SEARCH_USER_PATHS = NO;
				CLANG_ANALYZER_NONNULL = YES;
				CLANG_ANALYZER_NUMBER_OBJECT_CONVERSION = YES_AGGRESSIVE;
				CLANG_CXX_LANGUAGE_STANDARD = "gnu++20";
				CLANG_ENABLE_MODULES = YES;
				CLANG_ENABLE_OBJC_ARC = YES;
				CLANG_ENABLE_OBJC_WEAK = YES;
				CLANG_WARN_BLOCK_CAPTURE_AUTORELEASING = YES;
				CLANG_WARN_BOOL_CONVERSION = YES;
				CLANG_WARN_COMMA = YES;
				CLANG_WARN_CONSTANT_CONVERSION = YES;
				CLANG_WARN_DEPRECATED_OBJC_IMPLEMENTATIONS = YES;
				CLANG_WARN_DIRECT_OBJC_ISA_USAGE = YES_ERROR;
				CLANG_WARN_DOCUMENTATION_COMMENTS = YES;
				CLANG_WARN_EMPTY_BODY = YES;
				CLANG_WARN_ENUM_CONVERSION = YES;
				CLANG_WARN_INFINITE_RECURSION = YES;
				CLANG_WARN_INT_CONVERSION = YES;
				CLANG_WARN_NON_LITERAL_NULL_CONVERSION = YES;
				CLANG_WARN_OBJC_IMPLICIT_RETAIN_SELF = YES;
				CLANG_WARN_OBJC_LITERAL_CONVERSION = YES;
				CLANG_WARN_OBJC_ROOT_CLASS = YES_ERROR;
				CLANG_WARN_QUOTED_INCLUDE_IN_FRAMEWORK_HEADER = YES;
				CLANG_WARN_RANGE_LOOP_ANALYSIS = YES;
				CLANG_WARN_STRICT_PROTOTYPES = YES;
				CLANG_WARN_SUSPICIOUS_MOVE = YES;
				CLANG_WARN_UNGUARDED_AVAILABILITY = YES_AGGRESSIVE;
				CLANG_WARN_UNREACHABLE_CODE = YES;
				CLANG_WARN__DUPLICATE_METHOD_MATCH = YES;
				COPY_PHASE_STRIP = NO;
				DEBUG_INFORMATION_FORMAT = dwarf;
				ENABLE_STRICT_OBJC_MSGSEND = YES;
				ENABLE_TESTABILITY = YES;
				GCC_C_LANGUAGE_STANDARD = gnu11;
				GCC_DYNAMIC_NO_PIC = NO;
				GCC_NO_COMMON_BLOCKS = YES;
				GCC_OPTIMIZATION_LEVEL = 0;
				GCC_PREPROCESSOR_DEFINITIONS = (
					"DEBUG=1",
					"$(inherited)",
				);
				GCC_WARN_64_TO_32_BIT_CONVERSION = YES;
				GCC_WARN_ABOUT_RETURN_TYPE = YES_ERROR;
				GCC_WARN_UNDECLARED_SELECTOR = YES;
				GCC_WARN_UNINITIALIZED_AUTOS = YES_AGGRESSIVE;
				GCC_WARN_UNUSED_FUNCTION = YES;
				GCC_WARN_UNUSED_VARIABLE = YES;
				MTL_ENABLE_DEBUG_INFO = INCLUDE_SOURCE;
				MTL_FAST_MATH = YES;
				ONLY_ACTIVE_ARCH = YES;
				SWIFT_ACTIVE_COMPILATION_CONDITIONS = DEBUG;
				SWIFT_OPTIMIZATION_LEVEL = "-Onone";
			};
			name = Debug;
		};
		C96FDAF329A624E60027DFE1 /* Release */ = {
			isa = XCBuildConfiguration;
			buildSettings = {
				ALWAYS_SEARCH_USER_PATHS = NO;
				CLANG_ANALYZER_NONNULL = YES;
				CLANG_ANALYZER_NUMBER_OBJECT_CONVERSION = YES_AGGRESSIVE;
				CLANG_CXX_LANGUAGE_STANDARD = "gnu++20";
				CLANG_ENABLE_MODULES = YES;
				CLANG_ENABLE_OBJC_ARC = YES;
				CLANG_ENABLE_OBJC_WEAK = YES;
				CLANG_WARN_BLOCK_CAPTURE_AUTORELEASING = YES;
				CLANG_WARN_BOOL_CONVERSION = YES;
				CLANG_WARN_COMMA = YES;
				CLANG_WARN_CONSTANT_CONVERSION = YES;
				CLANG_WARN_DEPRECATED_OBJC_IMPLEMENTATIONS = YES;
				CLANG_WARN_DIRECT_OBJC_ISA_USAGE = YES_ERROR;
				CLANG_WARN_DOCUMENTATION_COMMENTS = YES;
				CLANG_WARN_EMPTY_BODY = YES;
				CLANG_WARN_ENUM_CONVERSION = YES;
				CLANG_WARN_INFINITE_RECURSION = YES;
				CLANG_WARN_INT_CONVERSION = YES;
				CLANG_WARN_NON_LITERAL_NULL_CONVERSION = YES;
				CLANG_WARN_OBJC_IMPLICIT_RETAIN_SELF = YES;
				CLANG_WARN_OBJC_LITERAL_CONVERSION = YES;
				CLANG_WARN_OBJC_ROOT_CLASS = YES_ERROR;
				CLANG_WARN_QUOTED_INCLUDE_IN_FRAMEWORK_HEADER = YES;
				CLANG_WARN_RANGE_LOOP_ANALYSIS = YES;
				CLANG_WARN_STRICT_PROTOTYPES = YES;
				CLANG_WARN_SUSPICIOUS_MOVE = YES;
				CLANG_WARN_UNGUARDED_AVAILABILITY = YES_AGGRESSIVE;
				CLANG_WARN_UNREACHABLE_CODE = YES;
				CLANG_WARN__DUPLICATE_METHOD_MATCH = YES;
				COPY_PHASE_STRIP = NO;
				DEBUG_INFORMATION_FORMAT = "dwarf-with-dsym";
				ENABLE_NS_ASSERTIONS = NO;
				ENABLE_STRICT_OBJC_MSGSEND = YES;
				GCC_C_LANGUAGE_STANDARD = gnu11;
				GCC_NO_COMMON_BLOCKS = YES;
				GCC_WARN_64_TO_32_BIT_CONVERSION = YES;
				GCC_WARN_ABOUT_RETURN_TYPE = YES_ERROR;
				GCC_WARN_UNDECLARED_SELECTOR = YES;
				GCC_WARN_UNINITIALIZED_AUTOS = YES_AGGRESSIVE;
				GCC_WARN_UNUSED_FUNCTION = YES;
				GCC_WARN_UNUSED_VARIABLE = YES;
				MTL_ENABLE_DEBUG_INFO = NO;
				MTL_FAST_MATH = YES;
				SWIFT_COMPILATION_MODE = wholemodule;
				SWIFT_OPTIMIZATION_LEVEL = "-O";
			};
			name = Release;
		};
		C96FDAF529A624E60027DFE1 /* Debug */ = {
			isa = XCBuildConfiguration;
			buildSettings = {
				ASSETCATALOG_COMPILER_APPICON_NAME = AppIcon;
				ASSETCATALOG_COMPILER_GLOBAL_ACCENT_COLOR_NAME = AccentColor;
				CODE_SIGN_ENTITLEMENTS = TypeSupport/TypeSupport.entitlements;
				CODE_SIGN_STYLE = Automatic;
				CURRENT_PROJECT_VERSION = 1;
				DEVELOPMENT_ASSET_PATHS = "\"TypeSupport/Preview Content\"";
				DEVELOPMENT_TEAM = RBVAEA8U3G;
				ENABLE_HARDENED_RUNTIME = YES;
				ENABLE_PREVIEWS = YES;
				GENERATE_INFOPLIST_FILE = YES;
				"INFOPLIST_KEY_UIApplicationSceneManifest_Generation[sdk=iphoneos*]" = YES;
				"INFOPLIST_KEY_UIApplicationSceneManifest_Generation[sdk=iphonesimulator*]" = YES;
				"INFOPLIST_KEY_UIApplicationSupportsIndirectInputEvents[sdk=iphoneos*]" = YES;
				"INFOPLIST_KEY_UIApplicationSupportsIndirectInputEvents[sdk=iphonesimulator*]" = YES;
				"INFOPLIST_KEY_UILaunchScreen_Generation[sdk=iphoneos*]" = YES;
				"INFOPLIST_KEY_UILaunchScreen_Generation[sdk=iphonesimulator*]" = YES;
				"INFOPLIST_KEY_UIStatusBarStyle[sdk=iphoneos*]" = UIStatusBarStyleDefault;
				"INFOPLIST_KEY_UIStatusBarStyle[sdk=iphonesimulator*]" = UIStatusBarStyleDefault;
				INFOPLIST_KEY_UISupportedInterfaceOrientations_iPad = "UIInterfaceOrientationPortrait UIInterfaceOrientationPortraitUpsideDown UIInterfaceOrientationLandscapeLeft UIInterfaceOrientationLandscapeRight";
				INFOPLIST_KEY_UISupportedInterfaceOrientations_iPhone = "UIInterfaceOrientationPortrait UIInterfaceOrientationLandscapeLeft UIInterfaceOrientationLandscapeRight";
				IPHONEOS_DEPLOYMENT_TARGET = 16.2;
				LD_RUNPATH_SEARCH_PATHS = "@executable_path/Frameworks";
				"LD_RUNPATH_SEARCH_PATHS[sdk=macosx*]" = "@executable_path/../Frameworks";
				MACOSX_DEPLOYMENT_TARGET = 13.1;
				MARKETING_VERSION = 1.0;
				PRODUCT_BUNDLE_IDENTIFIER = com.sgntn.TypeSupport;
				PRODUCT_NAME = "$(TARGET_NAME)";
				SDKROOT = auto;
				SUPPORTED_PLATFORMS = "iphoneos iphonesimulator macosx";
				SWIFT_EMIT_LOC_STRINGS = YES;
				SWIFT_VERSION = 5.0;
				TARGETED_DEVICE_FAMILY = "1,2";
			};
			name = Debug;
		};
		C96FDAF629A624E60027DFE1 /* Release */ = {
			isa = XCBuildConfiguration;
			buildSettings = {
				ASSETCATALOG_COMPILER_APPICON_NAME = AppIcon;
				ASSETCATALOG_COMPILER_GLOBAL_ACCENT_COLOR_NAME = AccentColor;
				CODE_SIGN_ENTITLEMENTS = TypeSupport/TypeSupport.entitlements;
				CODE_SIGN_STYLE = Automatic;
				CURRENT_PROJECT_VERSION = 1;
				DEVELOPMENT_ASSET_PATHS = "\"TypeSupport/Preview Content\"";
				DEVELOPMENT_TEAM = RBVAEA8U3G;
				ENABLE_HARDENED_RUNTIME = YES;
				ENABLE_PREVIEWS = YES;
				GENERATE_INFOPLIST_FILE = YES;
				"INFOPLIST_KEY_UIApplicationSceneManifest_Generation[sdk=iphoneos*]" = YES;
				"INFOPLIST_KEY_UIApplicationSceneManifest_Generation[sdk=iphonesimulator*]" = YES;
				"INFOPLIST_KEY_UIApplicationSupportsIndirectInputEvents[sdk=iphoneos*]" = YES;
				"INFOPLIST_KEY_UIApplicationSupportsIndirectInputEvents[sdk=iphonesimulator*]" = YES;
				"INFOPLIST_KEY_UILaunchScreen_Generation[sdk=iphoneos*]" = YES;
				"INFOPLIST_KEY_UILaunchScreen_Generation[sdk=iphonesimulator*]" = YES;
				"INFOPLIST_KEY_UIStatusBarStyle[sdk=iphoneos*]" = UIStatusBarStyleDefault;
				"INFOPLIST_KEY_UIStatusBarStyle[sdk=iphonesimulator*]" = UIStatusBarStyleDefault;
				INFOPLIST_KEY_UISupportedInterfaceOrientations_iPad = "UIInterfaceOrientationPortrait UIInterfaceOrientationPortraitUpsideDown UIInterfaceOrientationLandscapeLeft UIInterfaceOrientationLandscapeRight";
				INFOPLIST_KEY_UISupportedInterfaceOrientations_iPhone = "UIInterfaceOrientationPortrait UIInterfaceOrientationLandscapeLeft UIInterfaceOrientationLandscapeRight";
				IPHONEOS_DEPLOYMENT_TARGET = 16.2;
				LD_RUNPATH_SEARCH_PATHS = "@executable_path/Frameworks";
				"LD_RUNPATH_SEARCH_PATHS[sdk=macosx*]" = "@executable_path/../Frameworks";
				MACOSX_DEPLOYMENT_TARGET = 13.1;
				MARKETING_VERSION = 1.0;
				PRODUCT_BUNDLE_IDENTIFIER = com.sgntn.TypeSupport;
				PRODUCT_NAME = "$(TARGET_NAME)";
				SDKROOT = auto;
				SUPPORTED_PLATFORMS = "iphoneos iphonesimulator macosx";
				SWIFT_EMIT_LOC_STRINGS = YES;
				SWIFT_VERSION = 5.0;
				TARGETED_DEVICE_FAMILY = "1,2";
			};
			name = Release;
		};
/* End XCBuildConfiguration section */

/* Begin XCConfigurationList section */
		C96FDAE029A624E50027DFE1 /* Build configuration list for PBXProject "TypeSupport" */ = {
			isa = XCConfigurationList;
			buildConfigurations = (
				C96FDAF229A624E60027DFE1 /* Debug */,
				C96FDAF329A624E60027DFE1 /* Release */,
			);
			defaultConfigurationIsVisible = 0;
			defaultConfigurationName = Release;
		};
		C96FDAF429A624E60027DFE1 /* Build configuration list for PBXNativeTarget "TypeSupport" */ = {
			isa = XCConfigurationList;
			buildConfigurations = (
				C96FDAF529A624E60027DFE1 /* Debug */,
				C96FDAF629A624E60027DFE1 /* Release */,
			);
			defaultConfigurationIsVisible = 0;
			defaultConfigurationName = Release;
		};
/* End XCConfigurationList section */
	};
	rootObject = C96FDADD29A624E50027DFE1 /* Project object */;
}
